
Microsoft Visual Studio Solution File, Format Version 12.00
# Visual Studio Version 16
VisualStudioVersion = 16.0.29920.165
MinimumVisualStudioVersion = 10.0.40219.1
Project("{FAE04EC0-301F-11D3-BF4B-00C04F79EFBC}") = "Project.API.Business", "Project.API.Business\Project.API.Business.csproj", "{C08C0FA3-3646-4466-8ECE-DB06DC2C0237}"
EndProject
Project("{FAE04EC0-301F-11D3-BF4B-00C04F79EFBC}") = "Project.API.DataAccess", "Project.API.DataAccess\Project.API.DataAccess.csproj", "{84F31786-03CB-444A-BE66-937551EC8D9F}"
EndProject
Project("{FAE04EC0-301F-11D3-BF4B-00C04F79EFBC}") = "Project.API.Dtos", "Project.API.Dtos\Project.API.Dtos.csproj", "{E1A82C61-6BC6-4082-AD84-147C363FDC03}"
EndProject
Project("{FAE04EC0-301F-11D3-BF4B-00C04F79EFBC}") = "Project.API.Entities", "Project.API.Entities\Project.API.Entities.csproj", "{52666B45-3A2D-4AE1-B999-B3C159E28445}"
EndProject
Project("{FAE04EC0-301F-11D3-BF4B-00C04F79EFBC}") = "Project.API.WebApi", "Project.API.WebApi\Project.API.WebApi.csproj", "{E70CF1D0-6477-44B3-8138-D575F8A4456D}"
EndProject
Global
	GlobalSection(SolutionConfigurationPlatforms) = preSolution
		Debug|Any CPU = Debug|Any CPU
		Release|Any CPU = Release|Any CPU
	EndGlobalSection
	GlobalSection(ProjectConfigurationPlatforms) = postSolution
		{C08C0FA3-3646-4466-8ECE-DB06DC2C0237}.Debug|Any CPU.ActiveCfg = Debug|Any CPU
		{C08C0FA3-3646-4466-8ECE-DB06DC2C0237}.Debug|Any CPU.Build.0 = Debug|Any CPU
		{C08C0FA3-3646-4466-8ECE-DB06DC2C0237}.Release|Any CPU.ActiveCfg = Release|Any CPU
		{C08C0FA3-3646-4466-8ECE-DB06DC2C0237}.Release|Any CPU.Build.0 = Release|Any CPU
		{84F31786-03CB-444A-BE66-937551EC8D9F}.Debug|Any CPU.ActiveCfg = Debug|Any CPU
		{84F31786-03CB-444A-BE66-937551EC8D9F}.Debug|Any CPU.Build.0 = Debug|Any CPU
		{84F31786-03CB-444A-BE66-937551EC8D9F}.Release|Any CPU.ActiveCfg = Release|Any CPU
		{84F31786-03CB-444A-BE66-937551EC8D9F}.Release|Any CPU.Build.0 = Release|Any CPU
		{E1A82C61-6BC6-4082-AD84-147C363FDC03}.Debug|Any CPU.ActiveCfg = Debug|Any CPU
		{E1A82C61-6BC6-4082-AD84-147C363FDC03}.Debug|Any CPU.Build.0 = Debug|Any CPU
		{E1A82C61-6BC6-4082-AD84-147C363FDC03}.Release|Any CPU.ActiveCfg = Release|Any CPU
		{E1A82C61-6BC6-4082-AD84-147C363FDC03}.Release|Any CPU.Build.0 = Release|Any CPU
		{52666B45-3A2D-4AE1-B999-B3C159E28445}.Debug|Any CPU.ActiveCfg = Debug|Any CPU
		{52666B45-3A2D-4AE1-B999-B3C159E28445}.Debug|Any CPU.Build.0 = Debug|Any CPU
		{52666B45-3A2D-4AE1-B999-B3C159E28445}.Release|Any CPU.ActiveCfg = Release|Any CPU
		{52666B45-3A2D-4AE1-B999-B3C159E28445}.Release|Any CPU.Build.0 = Release|Any CPU
		{E70CF1D0-6477-44B3-8138-D575F8A4456D}.Debug|Any CPU.ActiveCfg = Debug|Any CPU
		{E70CF1D0-6477-44B3-8138-D575F8A4456D}.Debug|Any CPU.Build.0 = Debug|Any CPU
		{E70CF1D0-6477-44B3-8138-D575F8A4456D}.Release|Any CPU.ActiveCfg = Release|Any CPU
		{E70CF1D0-6477-44B3-8138-D575F8A4456D}.Release|Any CPU.Build.0 = Release|Any CPU
	EndGlobalSection
	GlobalSection(SolutionProperties) = preSolution
		HideSolutionNode = FALSE
	EndGlobalSection
	GlobalSection(ExtensibilityGlobals) = postSolution
		SolutionGuid = {A752AE9F-5B4D-4F80-81D8-34F65A7880E5}
	EndGlobalSection
EndGlobal
